// !$*UTF8*$!
{
	archiveVersion = 1;
	classes = {
	};
	objectVersion = 56;
	objects = {

/* Begin PBXBuildFile section */
		0E57D503292482B10026EEDA /* AppDelegate.swift in Sources */ = {isa = PBXBuildFile; fileRef = 0E57D502292482B10026EEDA /* AppDelegate.swift */; };
		0E57D505292482B10026EEDA /* SceneDelegate.swift in Sources */ = {isa = PBXBuildFile; fileRef = 0E57D504292482B10026EEDA /* SceneDelegate.swift */; };
		0E57D50A292482B10026EEDA /* Main.storyboard in Resources */ = {isa = PBXBuildFile; fileRef = 0E57D508292482B10026EEDA /* Main.storyboard */; };
		0E57D50C292482B30026EEDA /* Assets.xcassets in Resources */ = {isa = PBXBuildFile; fileRef = 0E57D50B292482B30026EEDA /* Assets.xcassets */; };
		0E57D50F292482B30026EEDA /* LaunchScreen.storyboard in Resources */ = {isa = PBXBuildFile; fileRef = 0E57D50D292482B30026EEDA /* LaunchScreen.storyboard */; };
		0E57D51C292483E50026EEDA /* QuoteData.swift in Sources */ = {isa = PBXBuildFile; fileRef = 0E57D51B292483E50026EEDA /* QuoteData.swift */; };
		0E57D51E292483F10026EEDA /* QuoteDataController.swift in Sources */ = {isa = PBXBuildFile; fileRef = 0E57D51D292483F10026EEDA /* QuoteDataController.swift */; };
		0E57D520292484080026EEDA /* data.json in Resources */ = {isa = PBXBuildFile; fileRef = 0E57D51F292484080026EEDA /* data.json */; };
		0E57D522292486970026EEDA /* SlideshowViewController.swift in Sources */ = {isa = PBXBuildFile; fileRef = 0E57D521292486970026EEDA /* SlideshowViewController.swift */; };
/* End PBXBuildFile section */

/* Begin PBXFileReference section */
		0E57D4FF292482B10026EEDA /* OmadaQuotes.app */ = {isa = PBXFileReference; explicitFileType = wrapper.application; includeInIndex = 0; path = OmadaQuotes.app; sourceTree = BUILT_PRODUCTS_DIR; };
		0E57D502292482B10026EEDA /* AppDelegate.swift */ = {isa = PBXFileReference; lastKnownFileType = sourcecode.swift; path = AppDelegate.swift; sourceTree = "<group>"; };
		0E57D504292482B10026EEDA /* SceneDelegate.swift */ = {isa = PBXFileReference; lastKnownFileType = sourcecode.swift; path = SceneDelegate.swift; sourceTree = "<group>"; };
		0E57D509292482B10026EEDA /* Base */ = {isa = PBXFileReference; lastKnownFileType = file.storyboard; name = Base; path = Base.lproj/Main.storyboard; sourceTree = "<group>"; };
		0E57D50B292482B30026EEDA /* Assets.xcassets */ = {isa = PBXFileReference; lastKnownFileType = folder.assetcatalog; path = Assets.xcassets; sourceTree = "<group>"; };
		0E57D50E292482B30026EEDA /* Base */ = {isa = PBXFileReference; lastKnownFileType = file.storyboard; name = Base; path = Base.lproj/LaunchScreen.storyboard; sourceTree = "<group>"; };
		0E57D510292482B30026EEDA /* Info.plist */ = {isa = PBXFileReference; lastKnownFileType = text.plist.xml; path = Info.plist; sourceTree = "<group>"; };
		0E57D51B292483E50026EEDA /* QuoteData.swift */ = {isa = PBXFileReference; lastKnownFileType = sourcecode.swift; path = QuoteData.swift; sourceTree = "<group>"; };
		0E57D51D292483F10026EEDA /* QuoteDataController.swift */ = {isa = PBXFileReference; lastKnownFileType = sourcecode.swift; path = QuoteDataController.swift; sourceTree = "<group>"; };
		0E57D51F292484080026EEDA /* data.json */ = {isa = PBXFileReference; lastKnownFileType = text.json; path = data.json; sourceTree = "<group>"; };
		0E57D521292486970026EEDA /* SlideshowViewController.swift */ = {isa = PBXFileReference; lastKnownFileType = sourcecode.swift; path = SlideshowViewController.swift; sourceTree = "<group>"; };
/* End PBXFileReference section */

/* Begin PBXFrameworksBuildPhase section */
		0E57D4FC292482B10026EEDA /* Frameworks */ = {
			isa = PBXFrameworksBuildPhase;
			buildActionMask = 2147483647;
			files = (
			);
			runOnlyForDeploymentPostprocessing = 0;
		};
/* End PBXFrameworksBuildPhase section */

/* Begin PBXGroup section */
		0E57D4F6292482B10026EEDA = {
			isa = PBXGroup;
			children = (
				0E57D501292482B10026EEDA /* OmadaQuotes */,
				0E57D500292482B10026EEDA /* Products */,
			);
			sourceTree = "<group>";
		};
		0E57D500292482B10026EEDA /* Products */ = {
			isa = PBXGroup;
			children = (
				0E57D4FF292482B10026EEDA /* OmadaQuotes.app */,
			);
			name = Products;
			sourceTree = "<group>";
		};
		0E57D501292482B10026EEDA /* OmadaQuotes */ = {
			isa = PBXGroup;
			children = (
				0E57D51A292483B30026EEDA /* Model */,
				0E57D519292483AB0026EEDA /* ModelControllers */,
				0E57D518292483A30026EEDA /* ViewControllers */,
				0E57D516292483910026EEDA /* Resources */,
				0E57D5172924839A0026EEDA /* Storyboards */,
			);
			path = OmadaQuotes;
			sourceTree = "<group>";
		};
		0E57D516292483910026EEDA /* Resources */ = {
			isa = PBXGroup;
			children = (
				0E57D502292482B10026EEDA /* AppDelegate.swift */,
				0E57D504292482B10026EEDA /* SceneDelegate.swift */,
				0E57D50B292482B30026EEDA /* Assets.xcassets */,
				0E57D510292482B30026EEDA /* Info.plist */,
				0E57D51F292484080026EEDA /* data.json */,
			);
			path = Resources;
			sourceTree = "<group>";
		};
		0E57D5172924839A0026EEDA /* Storyboards */ = {
			isa = PBXGroup;
			children = (
				0E57D508292482B10026EEDA /* Main.storyboard */,
				0E57D50D292482B30026EEDA /* LaunchScreen.storyboard */,
			);
			path = Storyboards;
			sourceTree = "<group>";
		};
		0E57D518292483A30026EEDA /* ViewControllers */ = {
			isa = PBXGroup;
			children = (
				0E57D521292486970026EEDA /* SlideshowViewController.swift */,
			);
			path = ViewControllers;
			sourceTree = "<group>";
		};
		0E57D519292483AB0026EEDA /* ModelControllers */ = {
			isa = PBXGroup;
			children = (
				0E57D51D292483F10026EEDA /* QuoteDataController.swift */,
			);
			path = ModelControllers;
			sourceTree = "<group>";
		};
		0E57D51A292483B30026EEDA /* Model */ = {
			isa = PBXGroup;
			children = (
				0E57D51B292483E50026EEDA /* QuoteData.swift */,
			);
			path = Model;
			sourceTree = "<group>";
		};
/* End PBXGroup section */

/* Begin PBXNativeTarget section */
		0E57D4FE292482B10026EEDA /* OmadaQuotes */ = {
			isa = PBXNativeTarget;
			buildConfigurationList = 0E57D513292482B30026EEDA /* Build configuration list for PBXNativeTarget "OmadaQuotes" */;
			buildPhases = (
				0E57D4FB292482B10026EEDA /* Sources */,
				0E57D4FC292482B10026EEDA /* Frameworks */,
				0E57D4FD292482B10026EEDA /* Resources */,
			);
			buildRules = (
			);
			dependencies = (
			);
			name = OmadaQuotes;
			productName = OmadaQuotes;
			productReference = 0E57D4FF292482B10026EEDA /* OmadaQuotes.app */;
			productType = "com.apple.product-type.application";
		};
/* End PBXNativeTarget section */

/* Begin PBXProject section */
		0E57D4F7292482B10026EEDA /* Project object */ = {
			isa = PBXProject;
			attributes = {
				BuildIndependentTargetsInParallel = 1;
				LastSwiftUpdateCheck = 1410;
				LastUpgradeCheck = 1410;
				TargetAttributes = {
					0E57D4FE292482B10026EEDA = {
						CreatedOnToolsVersion = 14.1;
					};
				};
			};
			buildConfigurationList = 0E57D4FA292482B10026EEDA /* Build configuration list for PBXProject "OmadaQuotes" */;
			compatibilityVersion = "Xcode 14.0";
			developmentRegion = en;
			hasScannedForEncodings = 0;
			knownRegions = (
				en,
				Base,
			);
			mainGroup = 0E57D4F6292482B10026EEDA;
			productRefGroup = 0E57D500292482B10026EEDA /* Products */;
			projectDirPath = "";
			projectRoot = "";
			targets = (
				0E57D4FE292482B10026EEDA /* OmadaQuotes */,
			);
		};
/* End PBXProject section */

/* Begin PBXResourcesBuildPhase section */
		0E57D4FD292482B10026EEDA /* Resources */ = {
			isa = PBXResourcesBuildPhase;
			buildActionMask = 2147483647;
			files = (
				0E57D50F292482B30026EEDA /* LaunchScreen.storyboard in Resources */,
				0E57D50C292482B30026EEDA /* Assets.xcassets in Resources */,
				0E57D50A292482B10026EEDA /* Main.storyboard in Resources */,
				0E57D520292484080026EEDA /* data.json in Resources */,
			);
			runOnlyForDeploymentPostprocessing = 0;
		};
/* End PBXResourcesBuildPhase section */

/* Begin PBXSourcesBuildPhase section */
		0E57D4FB292482B10026EEDA /* Sources */ = {
			isa = PBXSourcesBuildPhase;
			buildActionMask = 2147483647;
			files = (
				0E57D51E292483F10026EEDA /* QuoteDataController.swift in Sources */,
				0E57D503292482B10026EEDA /* AppDelegate.swift in Sources */,
				0E57D51C292483E50026EEDA /* QuoteData.swift in Sources */,
				0E57D522292486970026EEDA /* SlideshowViewController.swift in Sources */,
				0E57D505292482B10026EEDA /* SceneDelegate.swift in Sources */,
			);
			runOnlyForDeploymentPostprocessing = 0;
		};
/* End PBXSourcesBuildPhase section */

/* Begin PBXVariantGroup section */
		0E57D508292482B10026EEDA /* Main.storyboard */ = {
			isa = PBXVariantGroup;
			children = (
				0E57D509292482B10026EEDA /* Base */,
			);
			name = Main.storyboard;
			sourceTree = "<group>";
		};
		0E57D50D292482B30026EEDA /* LaunchScreen.storyboard */ = {
			isa = PBXVariantGroup;
			children = (
				0E57D50E292482B30026EEDA /* Base */,
			);
			name = LaunchScreen.storyboard;
			sourceTree = "<group>";
		};
/* End PBXVariantGroup section */

/* Begin XCBuildConfiguration section */
		0E57D511292482B30026EEDA /* Debug */ = {
			isa = XCBuildConfiguration;
			buildSettings = {
				ALWAYS_SEARCH_USER_PATHS = NO;
				CLANG_ANALYZER_NONNULL = YES;
				CLANG_ANALYZER_NUMBER_OBJECT_CONVERSION = YES_AGGRESSIVE;
				CLANG_CXX_LANGUAGE_STANDARD = "gnu++20";
				CLANG_ENABLE_MODULES = YES;
				CLANG_ENABLE_OBJC_ARC = YES;
				CLANG_ENABLE_OBJC_WEAK = YES;
				CLANG_WARN_BLOCK_CAPTURE_AUTORELEASING = YES;
				CLANG_WARN_BOOL_CONVERSION = YES;
				CLANG_WARN_COMMA = YES;
				CLANG_WARN_CONSTANT_CONVERSION = YES;
				CLANG_WARN_DEPRECATED_OBJC_IMPLEMENTATIONS = YES;
				CLANG_WARN_DIRECT_OBJC_ISA_USAGE = YES_ERROR;
				CLANG_WARN_DOCUMENTATION_COMMENTS = YES;
				CLANG_WARN_EMPTY_BODY = YES;
				CLANG_WARN_ENUM_CONVERSION = YES;
				CLANG_WARN_INFINITE_RECURSION = YES;
				CLANG_WARN_INT_CONVERSION = YES;
				CLANG_WARN_NON_LITERAL_NULL_CONVERSION = YES;
				CLANG_WARN_OBJC_IMPLICIT_RETAIN_SELF = YES;
				CLANG_WARN_OBJC_LITERAL_CONVERSION = YES;
				CLANG_WARN_OBJC_ROOT_CLASS = YES_ERROR;
				CLANG_WARN_QUOTED_INCLUDE_IN_FRAMEWORK_HEADER = YES;
				CLANG_WARN_RANGE_LOOP_ANALYSIS = YES;
				CLANG_WARN_STRICT_PROTOTYPES = YES;
				CLANG_WARN_SUSPICIOUS_MOVE = YES;
				CLANG_WARN_UNGUARDED_AVAILABILITY = YES_AGGRESSIVE;
				CLANG_WARN_UNREACHABLE_CODE = YES;
				CLANG_WARN__DUPLICATE_METHOD_MATCH = YES;
				COPY_PHASE_STRIP = NO;
				DEBUG_INFORMATION_FORMAT = dwarf;
				ENABLE_STRICT_OBJC_MSGSEND = YES;
				ENABLE_TESTABILITY = YES;
				GCC_C_LANGUAGE_STANDARD = gnu11;
				GCC_DYNAMIC_NO_PIC = NO;
				GCC_NO_COMMON_BLOCKS = YES;
				GCC_OPTIMIZATION_LEVEL = 0;
				GCC_PREPROCESSOR_DEFINITIONS = (
					"DEBUG=1",
					"$(inherited)",
				);
				GCC_WARN_64_TO_32_BIT_CONVERSION = YES;
				GCC_WARN_ABOUT_RETURN_TYPE = YES_ERROR;
				GCC_WARN_UNDECLARED_SELECTOR = YES;
				GCC_WARN_UNINITIALIZED_AUTOS = YES_AGGRESSIVE;
				GCC_WARN_UNUSED_FUNCTION = YES;
				GCC_WARN_UNUSED_VARIABLE = YES;
				IPHONEOS_DEPLOYMENT_TARGET = 16.1;
				MTL_ENABLE_DEBUG_INFO = INCLUDE_SOURCE;
				MTL_FAST_MATH = YES;
				ONLY_ACTIVE_ARCH = YES;
				SDKROOT = iphoneos;
				SWIFT_ACTIVE_COMPILATION_CONDITIONS = DEBUG;
				SWIFT_OPTIMIZATION_LEVEL = "-Onone";
			};
			name = Debug;
		};
		0E57D512292482B30026EEDA /* Release */ = {
			isa = XCBuildConfiguration;
			buildSettings = {
				ALWAYS_SEARCH_USER_PATHS = NO;
				CLANG_ANALYZER_NONNULL = YES;
				CLANG_ANALYZER_NUMBER_OBJECT_CONVERSION = YES_AGGRESSIVE;
				CLANG_CXX_LANGUAGE_STANDARD = "gnu++20";
				CLANG_ENABLE_MODULES = YES;
				CLANG_ENABLE_OBJC_ARC = YES;
				CLANG_ENABLE_OBJC_WEAK = YES;
				CLANG_WARN_BLOCK_CAPTURE_AUTORELEASING = YES;
				CLANG_WARN_BOOL_CONVERSION = YES;
				CLANG_WARN_COMMA = YES;
				CLANG_WARN_CONSTANT_CONVERSION = YES;
				CLANG_WARN_DEPRECATED_OBJC_IMPLEMENTATIONS = YES;
				CLANG_WARN_DIRECT_OBJC_ISA_USAGE = YES_ERROR;
				CLANG_WARN_DOCUMENTATION_COMMENTS = YES;
				CLANG_WARN_EMPTY_BODY = YES;
				CLANG_WARN_ENUM_CONVERSION = YES;
				CLANG_WARN_INFINITE_RECURSION = YES;
				CLANG_WARN_INT_CONVERSION = YES;
				CLANG_WARN_NON_LITERAL_NULL_CONVERSION = YES;
				CLANG_WARN_OBJC_IMPLICIT_RETAIN_SELF = YES;
				CLANG_WARN_OBJC_LITERAL_CONVERSION = YES;
				CLANG_WARN_OBJC_ROOT_CLASS = YES_ERROR;
				CLANG_WARN_QUOTED_INCLUDE_IN_FRAMEWORK_HEADER = YES;
				CLANG_WARN_RANGE_LOOP_ANALYSIS = YES;
				CLANG_WARN_STRICT_PROTOTYPES = YES;
				CLANG_WARN_SUSPICIOUS_MOVE = YES;
				CLANG_WARN_UNGUARDED_AVAILABILITY = YES_AGGRESSIVE;
				CLANG_WARN_UNREACHABLE_CODE = YES;
				CLANG_WARN__DUPLICATE_METHOD_MATCH = YES;
				COPY_PHASE_STRIP = NO;
				DEBUG_INFORMATION_FORMAT = "dwarf-with-dsym";
				ENABLE_NS_ASSERTIONS = NO;
				ENABLE_STRICT_OBJC_MSGSEND = YES;
				GCC_C_LANGUAGE_STANDARD = gnu11;
				GCC_NO_COMMON_BLOCKS = YES;
				GCC_WARN_64_TO_32_BIT_CONVERSION = YES;
				GCC_WARN_ABOUT_RETURN_TYPE = YES_ERROR;
				GCC_WARN_UNDECLARED_SELECTOR = YES;
				GCC_WARN_UNINITIALIZED_AUTOS = YES_AGGRESSIVE;
				GCC_WARN_UNUSED_FUNCTION = YES;
				GCC_WARN_UNUSED_VARIABLE = YES;
				IPHONEOS_DEPLOYMENT_TARGET = 16.1;
				MTL_ENABLE_DEBUG_INFO = NO;
				MTL_FAST_MATH = YES;
				SDKROOT = iphoneos;
				SWIFT_COMPILATION_MODE = wholemodule;
				SWIFT_OPTIMIZATION_LEVEL = "-O";
				VALIDATE_PRODUCT = YES;
			};
			name = Release;
		};
		0E57D514292482B30026EEDA /* Debug */ = {
			isa = XCBuildConfiguration;
			buildSettings = {
				ASSETCATALOG_COMPILER_APPICON_NAME = AppIcon;
				ASSETCATALOG_COMPILER_GLOBAL_ACCENT_COLOR_NAME = AccentColor;
				CODE_SIGN_STYLE = Automatic;
				CURRENT_PROJECT_VERSION = 1;
				DEVELOPMENT_TEAM = D2GS975BL6;
				GENERATE_INFOPLIST_FILE = YES;
				INFOPLIST_FILE = OmadaQuotes/Resources/Info.plist;
				INFOPLIST_KEY_UIApplicationSupportsIndirectInputEvents = YES;
				INFOPLIST_KEY_UILaunchStoryboardName = LaunchScreen;
				INFOPLIST_KEY_UIMainStoryboardFile = Main;
				INFOPLIST_KEY_UISupportedInterfaceOrientations_iPad = "UIInterfaceOrientationPortrait UIInterfaceOrientationPortraitUpsideDown UIInterfaceOrientationLandscapeLeft UIInterfaceOrientationLandscapeRight";
				INFOPLIST_KEY_UISupportedInterfaceOrientations_iPhone = "UIInterfaceOrientationPortrait UIInterfaceOrientationLandscapeLeft UIInterfaceOrientationLandscapeRight";
				IPHONEOS_DEPLOYMENT_TARGET = 14.0;
				LD_RUNPATH_SEARCH_PATHS = (
					"$(inherited)",
					"@executable_path/Frameworks",
				);
				MARKETING_VERSION = 1.0;
				PRODUCT_BUNDLE_IDENTIFIER = com.MattRawlings.OmadaQuotes;
				PRODUCT_NAME = "$(TARGET_NAME)";
				SWIFT_EMIT_LOC_STRINGS = YES;
				SWIFT_VERSION = 5.0;
				TARGETED_DEVICE_FAMILY = "1,2";
			};
			name = Debug;
		};
		0E57D515292482B30026EEDA /* Release */ = {
			isa = XCBuildConfiguration;
			buildSettings = {
				ASSETCATALOG_COMPILER_APPICON_NAME = AppIcon;
				ASSETCATALOG_COMPILER_GLOBAL_ACCENT_COLOR_NAME = AccentColor;
				CODE_SIGN_STYLE = Automatic;
				CURRENT_PROJECT_VERSION = 1;
				DEVELOPMENT_TEAM = D2GS975BL6;
				GENERATE_INFOPLIST_FILE = YES;
				INFOPLIST_FILE = OmadaQuotes/Resources/Info.plist;
				INFOPLIST_KEY_UIApplicationSupportsIndirectInputEvents = YES;
				INFOPLIST_KEY_UILaunchStoryboardName = LaunchScreen;
				INFOPLIST_KEY_UIMainStoryboardFile = Main;
				INFOPLIST_KEY_UISupportedInterfaceOrientations_iPad = "UIInterfaceOrientationPortrait UIInterfaceOrientationPortraitUpsideDown UIInterfaceOrientationLandscapeLeft UIInterfaceOrientationLandscapeRight";
				INFOPLIST_KEY_UISupportedInterfaceOrientations_iPhone = "UIInterfaceOrientationPortrait UIInterfaceOrientationLandscapeLeft UIInterfaceOrientationLandscapeRight";
				IPHONEOS_DEPLOYMENT_TARGET = 14.0;
				LD_RUNPATH_SEARCH_PATHS = (
					"$(inherited)",
					"@executable_path/Frameworks",
				);
				MARKETING_VERSION = 1.0;
				PRODUCT_BUNDLE_IDENTIFIER = com.MattRawlings.OmadaQuotes;
				PRODUCT_NAME = "$(TARGET_NAME)";
				SWIFT_EMIT_LOC_STRINGS = YES;
				SWIFT_VERSION = 5.0;
				TARGETED_DEVICE_FAMILY = "1,2";
			};
			name = Release;
		};
/* End XCBuildConfiguration section */

/* Begin XCConfigurationList section */
		0E57D4FA292482B10026EEDA /* Build configuration list for PBXProject "OmadaQuotes" */ = {
			isa = XCConfigurationList;
			buildConfigurations = (
				0E57D511292482B30026EEDA /* Debug */,
				0E57D512292482B30026EEDA /* Release */,
			);
			defaultConfigurationIsVisible = 0;
			defaultConfigurationName = Release;
		};
		0E57D513292482B30026EEDA /* Build configuration list for PBXNativeTarget "OmadaQuotes" */ = {
			isa = XCConfigurationList;
			buildConfigurations = (
				0E57D514292482B30026EEDA /* Debug */,
				0E57D515292482B30026EEDA /* Release */,
			);
			defaultConfigurationIsVisible = 0;
			defaultConfigurationName = Release;
		};
/* End XCConfigurationList section */
	};
	rootObject = 0E57D4F7292482B10026EEDA /* Project object */;
}
